// !$*UTF8*$!
{
	archiveVersion = 1;
	classes = {
	};
	objectVersion = 55;
	objects = {

/* Begin PBXBuildFile section */
		2CB8A694295D8AA7009A954E /* AppDelegate.swift in Sources */ = {isa = PBXBuildFile; fileRef = 2CB8A693295D8AA7009A954E /* AppDelegate.swift */; };
		2CB8A69D295D8AA7009A954E /* Assets.xcassets in Resources */ = {isa = PBXBuildFile; fileRef = 2CB8A69C295D8AA7009A954E /* Assets.xcassets */; };
		2CB8A6A0295D8AA7009A954E /* LaunchScreen.storyboard in Resources */ = {isa = PBXBuildFile; fileRef = 2CB8A69E295D8AA7009A954E /* LaunchScreen.storyboard */; };
		2CB8A6B5295D8B26009A954E /* RootView.swift in Sources */ = {isa = PBXBuildFile; fileRef = 2CB8A6AE295D8B26009A954E /* RootView.swift */; };
		2CB8A6B6295D8B26009A954E /* UIIColor+hex.swift in Sources */ = {isa = PBXBuildFile; fileRef = 2CB8A6B1295D8B26009A954E /* UIIColor+hex.swift */; };
		2CB8A6B7295D8B26009A954E /* ListCollectionContext+Dequeue.swift in Sources */ = {isa = PBXBuildFile; fileRef = 2CB8A6B4295D8B26009A954E /* ListCollectionContext+Dequeue.swift */; };
		2CB8A6BC295D9041009A954E /* OnboardingViewController.swift in Sources */ = {isa = PBXBuildFile; fileRef = 2CB8A6BB295D9041009A954E /* OnboardingViewController.swift */; };
		2CB8A6BE295D9063009A954E /* OnboardingView.swift in Sources */ = {isa = PBXBuildFile; fileRef = 2CB8A6BD295D9063009A954E /* OnboardingView.swift */; };
		2CB8A6C1295D9193009A954E /* R.generated.swift in Sources */ = {isa = PBXBuildFile; fileRef = 2CB8A6C0295D9193009A954E /* R.generated.swift */; };
		2CB8A6C5295D965E009A954E /* Localizable.strings in Resources */ = {isa = PBXBuildFile; fileRef = 2CB8A6C7295D965E009A954E /* Localizable.strings */; };
		A38DFDA7966CD1A4B3CB31F6 /* Pods_AIApp.framework in Frameworks */ = {isa = PBXBuildFile; fileRef = 898E6A24F2F96D409C50EAD8 /* Pods_AIApp.framework */; };
/* End PBXBuildFile section */

/* Begin PBXFileReference section */
		2CB8A690295D8AA7009A954E /* AIApp.app */ = {isa = PBXFileReference; explicitFileType = wrapper.application; includeInIndex = 0; path = AIApp.app; sourceTree = BUILT_PRODUCTS_DIR; };
		2CB8A693295D8AA7009A954E /* AppDelegate.swift */ = {isa = PBXFileReference; lastKnownFileType = sourcecode.swift; path = AppDelegate.swift; sourceTree = "<group>"; };
		2CB8A69C295D8AA7009A954E /* Assets.xcassets */ = {isa = PBXFileReference; lastKnownFileType = folder.assetcatalog; path = Assets.xcassets; sourceTree = "<group>"; };
		2CB8A69F295D8AA7009A954E /* Base */ = {isa = PBXFileReference; lastKnownFileType = file.storyboard; name = Base; path = Base.lproj/LaunchScreen.storyboard; sourceTree = "<group>"; };
		2CB8A6A1295D8AA7009A954E /* Info.plist */ = {isa = PBXFileReference; lastKnownFileType = text.plist.xml; path = Info.plist; sourceTree = "<group>"; };
		2CB8A6AE295D8B26009A954E /* RootView.swift */ = {isa = PBXFileReference; fileEncoding = 4; lastKnownFileType = sourcecode.swift; path = RootView.swift; sourceTree = "<group>"; };
		2CB8A6B1295D8B26009A954E /* UIIColor+hex.swift */ = {isa = PBXFileReference; fileEncoding = 4; lastKnownFileType = sourcecode.swift; path = "UIIColor+hex.swift"; sourceTree = "<group>"; };
		2CB8A6B4295D8B26009A954E /* ListCollectionContext+Dequeue.swift */ = {isa = PBXFileReference; fileEncoding = 4; lastKnownFileType = sourcecode.swift; path = "ListCollectionContext+Dequeue.swift"; sourceTree = "<group>"; };
		2CB8A6BB295D9041009A954E /* OnboardingViewController.swift */ = {isa = PBXFileReference; lastKnownFileType = sourcecode.swift; path = OnboardingViewController.swift; sourceTree = "<group>"; };
		2CB8A6BD295D9063009A954E /* OnboardingView.swift */ = {isa = PBXFileReference; lastKnownFileType = sourcecode.swift; path = OnboardingView.swift; sourceTree = "<group>"; };
		2CB8A6C0295D9193009A954E /* R.generated.swift */ = {isa = PBXFileReference; fileEncoding = 4; lastKnownFileType = sourcecode.swift; path = R.generated.swift; sourceTree = "<group>"; };
		2CB8A6C6295D965E009A954E /* en */ = {isa = PBXFileReference; lastKnownFileType = text.plist.strings; name = en; path = en.lproj/Localizable.strings; sourceTree = "<group>"; };
		3F14C7F0519D2ECAD0A27451 /* Pods-AIApp.debug.xcconfig */ = {isa = PBXFileReference; includeInIndex = 1; lastKnownFileType = text.xcconfig; name = "Pods-AIApp.debug.xcconfig"; path = "Target Support Files/Pods-AIApp/Pods-AIApp.debug.xcconfig"; sourceTree = "<group>"; };
		59B890C0393326A4F7AFDA71 /* Pods-AIApp.release.xcconfig */ = {isa = PBXFileReference; includeInIndex = 1; lastKnownFileType = text.xcconfig; name = "Pods-AIApp.release.xcconfig"; path = "Target Support Files/Pods-AIApp/Pods-AIApp.release.xcconfig"; sourceTree = "<group>"; };
		898E6A24F2F96D409C50EAD8 /* Pods_AIApp.framework */ = {isa = PBXFileReference; explicitFileType = wrapper.framework; includeInIndex = 0; path = Pods_AIApp.framework; sourceTree = BUILT_PRODUCTS_DIR; };
/* End PBXFileReference section */

/* Begin PBXFrameworksBuildPhase section */
		2CB8A68D295D8AA7009A954E /* Frameworks */ = {
			isa = PBXFrameworksBuildPhase;
			buildActionMask = 2147483647;
			files = (
				A38DFDA7966CD1A4B3CB31F6 /* Pods_AIApp.framework in Frameworks */,
			);
			runOnlyForDeploymentPostprocessing = 0;
		};
/* End PBXFrameworksBuildPhase section */

/* Begin PBXGroup section */
		0A3A1E210241F7D7F5F4824D /* Frameworks */ = {
			isa = PBXGroup;
			children = (
				898E6A24F2F96D409C50EAD8 /* Pods_AIApp.framework */,
			);
			name = Frameworks;
			sourceTree = "<group>";
		};
		2653B8C5CC6BDED613625B79 /* Pods */ = {
			isa = PBXGroup;
			children = (
				3F14C7F0519D2ECAD0A27451 /* Pods-AIApp.debug.xcconfig */,
				59B890C0393326A4F7AFDA71 /* Pods-AIApp.release.xcconfig */,
			);
			path = Pods;
			sourceTree = "<group>";
		};
		2CB8A687295D8AA7009A954E = {
			isa = PBXGroup;
			children = (
				2CB8A6C0295D9193009A954E /* R.generated.swift */,
				2CB8A692295D8AA7009A954E /* AIApp */,
				2CB8A691295D8AA7009A954E /* Products */,
				2653B8C5CC6BDED613625B79 /* Pods */,
				0A3A1E210241F7D7F5F4824D /* Frameworks */,
			);
			sourceTree = "<group>";
		};
		2CB8A691295D8AA7009A954E /* Products */ = {
			isa = PBXGroup;
			children = (
				2CB8A690295D8AA7009A954E /* AIApp.app */,
			);
			name = Products;
			sourceTree = "<group>";
		};
		2CB8A692295D8AA7009A954E /* AIApp */ = {
			isa = PBXGroup;
			children = (
				2CB8A6A7295D8AE4009A954E /* Application */,
				2CB8A6A8295D8AF3009A954E /* Modules */,
				2CB8A6A9295D8AFD009A954E /* Shared */,
				2CB8A6AA295D8B08009A954E /* Supporting files */,
			);
			path = AIApp;
			sourceTree = "<group>";
		};
		2CB8A6A7295D8AE4009A954E /* Application */ = {
			isa = PBXGroup;
			children = (
				2CB8A693295D8AA7009A954E /* AppDelegate.swift */,
				2CB8A69E295D8AA7009A954E /* LaunchScreen.storyboard */,
			);
			path = Application;
			sourceTree = "<group>";
		};
		2CB8A6A8295D8AF3009A954E /* Modules */ = {
			isa = PBXGroup;
			children = (
				2CB8A6B9295D8FF4009A954E /* Onboarding */,
			);
			path = Modules;
			sourceTree = "<group>";
		};
		2CB8A6A9295D8AFD009A954E /* Shared */ = {
			isa = PBXGroup;
			children = (
				2CB8A6AB295D8B26009A954E /* Common */,
				2CB8A6B8295D8B7A009A954E /* Resources */,
			);
			path = Shared;
			sourceTree = "<group>";
		};
		2CB8A6AA295D8B08009A954E /* Supporting files */ = {
			isa = PBXGroup;
			children = (
				2CB8A6A1295D8AA7009A954E /* Info.plist */,
			);
			path = "Supporting files";
			sourceTree = "<group>";
		};
		2CB8A6AB295D8B26009A954E /* Common */ = {
			isa = PBXGroup;
			children = (
				2CB8A6AC295D8B26009A954E /* UI */,
				2CB8A6AF295D8B26009A954E /* Extentions */,
			);
			path = Common;
			sourceTree = "<group>";
		};
		2CB8A6AC295D8B26009A954E /* UI */ = {
			isa = PBXGroup;
			children = (
				2CB8A6AD295D8B26009A954E /* Views */,
			);
			path = UI;
			sourceTree = "<group>";
		};
		2CB8A6AD295D8B26009A954E /* Views */ = {
			isa = PBXGroup;
			children = (
				2CB8A6AE295D8B26009A954E /* RootView.swift */,
			);
			path = Views;
			sourceTree = "<group>";
		};
		2CB8A6AF295D8B26009A954E /* Extentions */ = {
			isa = PBXGroup;
			children = (
				2CB8A6B0295D8B26009A954E /* UIKit */,
				2CB8A6B2295D8B26009A954E /* Foundation */,
				2CB8A6B3295D8B26009A954E /* IGListKit */,
			);
			path = Extentions;
			sourceTree = "<group>";
		};
		2CB8A6B0295D8B26009A954E /* UIKit */ = {
			isa = PBXGroup;
			children = (
				2CB8A6B1295D8B26009A954E /* UIIColor+hex.swift */,
			);
			path = UIKit;
			sourceTree = "<group>";
		};
		2CB8A6B2295D8B26009A954E /* Foundation */ = {
			isa = PBXGroup;
			children = (
			);
			path = Foundation;
			sourceTree = "<group>";
		};
		2CB8A6B3295D8B26009A954E /* IGListKit */ = {
			isa = PBXGroup;
			children = (
				2CB8A6B4295D8B26009A954E /* ListCollectionContext+Dequeue.swift */,
			);
			path = IGListKit;
			sourceTree = "<group>";
		};
		2CB8A6B8295D8B7A009A954E /* Resources */ = {
			isa = PBXGroup;
			children = (
				2CB8A6C2295D964D009A954E /* Strings */,
				2CB8A69C295D8AA7009A954E /* Assets.xcassets */,
			);
			path = Resources;
			sourceTree = "<group>";
		};
		2CB8A6B9295D8FF4009A954E /* Onboarding */ = {
			isa = PBXGroup;
			children = (
				2CB8A6BA295D902B009A954E /* View */,
				2CB8A6BB295D9041009A954E /* OnboardingViewController.swift */,
			);
			path = Onboarding;
			sourceTree = "<group>";
		};
		2CB8A6BA295D902B009A954E /* View */ = {
			isa = PBXGroup;
			children = (
				2CB8A6BD295D9063009A954E /* OnboardingView.swift */,
			);
			path = View;
			sourceTree = "<group>";
		};
		2CB8A6C2295D964D009A954E /* Strings */ = {
			isa = PBXGroup;
			children = (
				2CB8A6C7295D965E009A954E /* Localizable.strings */,
			);
			path = Strings;
			sourceTree = "<group>";
		};
/* End PBXGroup section */

/* Begin PBXNativeTarget section */
		2CB8A68F295D8AA7009A954E /* AIApp */ = {
			isa = PBXNativeTarget;
			buildConfigurationList = 2CB8A6A4295D8AA7009A954E /* Build configuration list for PBXNativeTarget "AIApp" */;
			buildPhases = (
				FE7E98B82AE277FB3D539DDA /* [CP] Check Pods Manifest.lock */,
				2CB8A6BF295D9118009A954E /* ShellScript */,
				2CB8A68C295D8AA7009A954E /* Sources */,
				2CB8A68D295D8AA7009A954E /* Frameworks */,
				2CB8A68E295D8AA7009A954E /* Resources */,
				67DBA7FA7C78B1744281E2DC /* [CP] Embed Pods Frameworks */,
			);
			buildRules = (
			);
			dependencies = (
			);
			name = AIApp;
			productName = AIApp;
			productReference = 2CB8A690295D8AA7009A954E /* AIApp.app */;
			productType = "com.apple.product-type.application";
		};
/* End PBXNativeTarget section */

/* Begin PBXProject section */
		2CB8A688295D8AA7009A954E /* Project object */ = {
			isa = PBXProject;
			attributes = {
				BuildIndependentTargetsInParallel = 1;
				LastSwiftUpdateCheck = 1420;
				LastUpgradeCheck = 1420;
				TargetAttributes = {
					2CB8A68F295D8AA7009A954E = {
						CreatedOnToolsVersion = 14.2;
					};
				};
			};
			buildConfigurationList = 2CB8A68B295D8AA7009A954E /* Build configuration list for PBXProject "AIApp" */;
			compatibilityVersion = "Xcode 13.0";
			developmentRegion = en;
			hasScannedForEncodings = 0;
			knownRegions = (
				en,
				Base,
			);
			mainGroup = 2CB8A687295D8AA7009A954E;
			productRefGroup = 2CB8A691295D8AA7009A954E /* Products */;
			projectDirPath = "";
			projectRoot = "";
			targets = (
				2CB8A68F295D8AA7009A954E /* AIApp */,
			);
		};
/* End PBXProject section */

/* Begin PBXResourcesBuildPhase section */
		2CB8A68E295D8AA7009A954E /* Resources */ = {
			isa = PBXResourcesBuildPhase;
			buildActionMask = 2147483647;
			files = (
				2CB8A6A0295D8AA7009A954E /* LaunchScreen.storyboard in Resources */,
				2CB8A6C5295D965E009A954E /* Localizable.strings in Resources */,
				2CB8A69D295D8AA7009A954E /* Assets.xcassets in Resources */,
			);
			runOnlyForDeploymentPostprocessing = 0;
		};
/* End PBXResourcesBuildPhase section */

/* Begin PBXShellScriptBuildPhase section */
		2CB8A6BF295D9118009A954E /* ShellScript */ = {
			isa = PBXShellScriptBuildPhase;
			alwaysOutOfDate = 1;
			buildActionMask = 2147483647;
			files = (
			);
			inputFileListPaths = (
			);
			inputPaths = (
			);
			outputFileListPaths = (
			);
			outputPaths = (
				$SRCROOT/R.generated.swift,
			);
			runOnlyForDeploymentPostprocessing = 0;
			shellPath = /bin/sh;
			shellScript = "\"$PODS_ROOT/R.swift/rswift\" generate \"$SRCROOT/R.generated.swift\"\n";
		};
		67DBA7FA7C78B1744281E2DC /* [CP] Embed Pods Frameworks */ = {
			isa = PBXShellScriptBuildPhase;
			buildActionMask = 2147483647;
			files = (
			);
			inputFileListPaths = (
				"${PODS_ROOT}/Target Support Files/Pods-AIApp/Pods-AIApp-frameworks-${CONFIGURATION}-input-files.xcfilelist",
			);
			name = "[CP] Embed Pods Frameworks";
			outputFileListPaths = (
				"${PODS_ROOT}/Target Support Files/Pods-AIApp/Pods-AIApp-frameworks-${CONFIGURATION}-output-files.xcfilelist",
			);
			runOnlyForDeploymentPostprocessing = 0;
			shellPath = /bin/sh;
			shellScript = "\"${PODS_ROOT}/Target Support Files/Pods-AIApp/Pods-AIApp-frameworks.sh\"\n";
			showEnvVarsInLog = 0;
		};
		FE7E98B82AE277FB3D539DDA /* [CP] Check Pods Manifest.lock */ = {
			isa = PBXShellScriptBuildPhase;
			buildActionMask = 2147483647;
			files = (
			);
			inputFileListPaths = (
			);
			inputPaths = (
				"${PODS_PODFILE_DIR_PATH}/Podfile.lock",
				"${PODS_ROOT}/Manifest.lock",
			);
			name = "[CP] Check Pods Manifest.lock";
			outputFileListPaths = (
			);
			outputPaths = (
				"$(DERIVED_FILE_DIR)/Pods-AIApp-checkManifestLockResult.txt",
			);
			runOnlyForDeploymentPostprocessing = 0;
			shellPath = /bin/sh;
			shellScript = "diff \"${PODS_PODFILE_DIR_PATH}/Podfile.lock\" \"${PODS_ROOT}/Manifest.lock\" > /dev/null\nif [ $? != 0 ] ; then\n    # print error to STDERR\n    echo \"error: The sandbox is not in sync with the Podfile.lock. Run 'pod install' or update your CocoaPods installation.\" >&2\n    exit 1\nfi\n# This output is used by Xcode 'outputs' to avoid re-running this script phase.\necho \"SUCCESS\" > \"${SCRIPT_OUTPUT_FILE_0}\"\n";
			showEnvVarsInLog = 0;
		};
/* End PBXShellScriptBuildPhase section */

/* Begin PBXSourcesBuildPhase section */
		2CB8A68C295D8AA7009A954E /* Sources */ = {
			isa = PBXSourcesBuildPhase;
			buildActionMask = 2147483647;
			files = (
				2CB8A6B7295D8B26009A954E /* ListCollectionContext+Dequeue.swift in Sources */,
				2CB8A6C1295D9193009A954E /* R.generated.swift in Sources */,
				2CB8A6B5295D8B26009A954E /* RootView.swift in Sources */,
				2CB8A6BC295D9041009A954E /* OnboardingViewController.swift in Sources */,
				2CB8A6BE295D9063009A954E /* OnboardingView.swift in Sources */,
				2CB8A6B6295D8B26009A954E /* UIIColor+hex.swift in Sources */,
				2CB8A694295D8AA7009A954E /* AppDelegate.swift in Sources */,
			);
			runOnlyForDeploymentPostprocessing = 0;
		};
/* End PBXSourcesBuildPhase section */

/* Begin PBXVariantGroup section */
		2CB8A69E295D8AA7009A954E /* LaunchScreen.storyboard */ = {
			isa = PBXVariantGroup;
			children = (
				2CB8A69F295D8AA7009A954E /* Base */,
			);
			name = LaunchScreen.storyboard;
			sourceTree = "<group>";
		};
		2CB8A6C7295D965E009A954E /* Localizable.strings */ = {
			isa = PBXVariantGroup;
			children = (
				2CB8A6C6295D965E009A954E /* en */,
			);
			name = Localizable.strings;
			sourceTree = "<group>";
		};
/* End PBXVariantGroup section */

/* Begin XCBuildConfiguration section */
		2CB8A6A2295D8AA7009A954E /* Debug */ = {
			isa = XCBuildConfiguration;
			buildSettings = {
				ALWAYS_SEARCH_USER_PATHS = NO;
				CLANG_ANALYZER_NONNULL = YES;
				CLANG_ANALYZER_NUMBER_OBJECT_CONVERSION = YES_AGGRESSIVE;
				CLANG_CXX_LANGUAGE_STANDARD = "gnu++20";
				CLANG_ENABLE_MODULES = YES;
				CLANG_ENABLE_OBJC_ARC = YES;
				CLANG_ENABLE_OBJC_WEAK = YES;
				CLANG_WARN_BLOCK_CAPTURE_AUTORELEASING = YES;
				CLANG_WARN_BOOL_CONVERSION = YES;
				CLANG_WARN_COMMA = YES;
				CLANG_WARN_CONSTANT_CONVERSION = YES;
				CLANG_WARN_DEPRECATED_OBJC_IMPLEMENTATIONS = YES;
				CLANG_WARN_DIRECT_OBJC_ISA_USAGE = YES_ERROR;
				CLANG_WARN_DOCUMENTATION_COMMENTS = YES;
				CLANG_WARN_EMPTY_BODY = YES;
				CLANG_WARN_ENUM_CONVERSION = YES;
				CLANG_WARN_INFINITE_RECURSION = YES;
				CLANG_WARN_INT_CONVERSION = YES;
				CLANG_WARN_NON_LITERAL_NULL_CONVERSION = YES;
				CLANG_WARN_OBJC_IMPLICIT_RETAIN_SELF = YES;
				CLANG_WARN_OBJC_LITERAL_CONVERSION = YES;
				CLANG_WARN_OBJC_ROOT_CLASS = YES_ERROR;
				CLANG_WARN_QUOTED_INCLUDE_IN_FRAMEWORK_HEADER = YES;
				CLANG_WARN_RANGE_LOOP_ANALYSIS = YES;
				CLANG_WARN_STRICT_PROTOTYPES = YES;
				CLANG_WARN_SUSPICIOUS_MOVE = YES;
				CLANG_WARN_UNGUARDED_AVAILABILITY = YES_AGGRESSIVE;
				CLANG_WARN_UNREACHABLE_CODE = YES;
				CLANG_WARN__DUPLICATE_METHOD_MATCH = YES;
				COPY_PHASE_STRIP = NO;
				DEBUG_INFORMATION_FORMAT = dwarf;
				ENABLE_STRICT_OBJC_MSGSEND = YES;
				ENABLE_TESTABILITY = YES;
				GCC_C_LANGUAGE_STANDARD = gnu11;
				GCC_DYNAMIC_NO_PIC = NO;
				GCC_NO_COMMON_BLOCKS = YES;
				GCC_OPTIMIZATION_LEVEL = 0;
				GCC_PREPROCESSOR_DEFINITIONS = (
					"DEBUG=1",
					"$(inherited)",
				);
				GCC_WARN_64_TO_32_BIT_CONVERSION = YES;
				GCC_WARN_ABOUT_RETURN_TYPE = YES_ERROR;
				GCC_WARN_UNDECLARED_SELECTOR = YES;
				GCC_WARN_UNINITIALIZED_AUTOS = YES_AGGRESSIVE;
				GCC_WARN_UNUSED_FUNCTION = YES;
				GCC_WARN_UNUSED_VARIABLE = YES;
				IPHONEOS_DEPLOYMENT_TARGET = 16.2;
				MTL_ENABLE_DEBUG_INFO = INCLUDE_SOURCE;
				MTL_FAST_MATH = YES;
				ONLY_ACTIVE_ARCH = YES;
				SDKROOT = iphoneos;
				SWIFT_ACTIVE_COMPILATION_CONDITIONS = DEBUG;
				SWIFT_OPTIMIZATION_LEVEL = "-Onone";
			};
			name = Debug;
		};
		2CB8A6A3295D8AA7009A954E /* Release */ = {
			isa = XCBuildConfiguration;
			buildSettings = {
				ALWAYS_SEARCH_USER_PATHS = NO;
				CLANG_ANALYZER_NONNULL = YES;
				CLANG_ANALYZER_NUMBER_OBJECT_CONVERSION = YES_AGGRESSIVE;
				CLANG_CXX_LANGUAGE_STANDARD = "gnu++20";
				CLANG_ENABLE_MODULES = YES;
				CLANG_ENABLE_OBJC_ARC = YES;
				CLANG_ENABLE_OBJC_WEAK = YES;
				CLANG_WARN_BLOCK_CAPTURE_AUTORELEASING = YES;
				CLANG_WARN_BOOL_CONVERSION = YES;
				CLANG_WARN_COMMA = YES;
				CLANG_WARN_CONSTANT_CONVERSION = YES;
				CLANG_WARN_DEPRECATED_OBJC_IMPLEMENTATIONS = YES;
				CLANG_WARN_DIRECT_OBJC_ISA_USAGE = YES_ERROR;
				CLANG_WARN_DOCUMENTATION_COMMENTS = YES;
				CLANG_WARN_EMPTY_BODY = YES;
				CLANG_WARN_ENUM_CONVERSION = YES;
				CLANG_WARN_INFINITE_RECURSION = YES;
				CLANG_WARN_INT_CONVERSION = YES;
				CLANG_WARN_NON_LITERAL_NULL_CONVERSION = YES;
				CLANG_WARN_OBJC_IMPLICIT_RETAIN_SELF = YES;
				CLANG_WARN_OBJC_LITERAL_CONVERSION = YES;
				CLANG_WARN_OBJC_ROOT_CLASS = YES_ERROR;
				CLANG_WARN_QUOTED_INCLUDE_IN_FRAMEWORK_HEADER = YES;
				CLANG_WARN_RANGE_LOOP_ANALYSIS = YES;
				CLANG_WARN_STRICT_PROTOTYPES = YES;
				CLANG_WARN_SUSPICIOUS_MOVE = YES;
				CLANG_WARN_UNGUARDED_AVAILABILITY = YES_AGGRESSIVE;
				CLANG_WARN_UNREACHABLE_CODE = YES;
				CLANG_WARN__DUPLICATE_METHOD_MATCH = YES;
				COPY_PHASE_STRIP = NO;
				DEBUG_INFORMATION_FORMAT = "dwarf-with-dsym";
				ENABLE_NS_ASSERTIONS = NO;
				ENABLE_STRICT_OBJC_MSGSEND = YES;
				GCC_C_LANGUAGE_STANDARD = gnu11;
				GCC_NO_COMMON_BLOCKS = YES;
				GCC_WARN_64_TO_32_BIT_CONVERSION = YES;
				GCC_WARN_ABOUT_RETURN_TYPE = YES_ERROR;
				GCC_WARN_UNDECLARED_SELECTOR = YES;
				GCC_WARN_UNINITIALIZED_AUTOS = YES_AGGRESSIVE;
				GCC_WARN_UNUSED_FUNCTION = YES;
				GCC_WARN_UNUSED_VARIABLE = YES;
				IPHONEOS_DEPLOYMENT_TARGET = 16.2;
				MTL_ENABLE_DEBUG_INFO = NO;
				MTL_FAST_MATH = YES;
				SDKROOT = iphoneos;
				SWIFT_COMPILATION_MODE = wholemodule;
				SWIFT_OPTIMIZATION_LEVEL = "-O";
				VALIDATE_PRODUCT = YES;
			};
			name = Release;
		};
		2CB8A6A5295D8AA7009A954E /* Debug */ = {
			isa = XCBuildConfiguration;
			baseConfigurationReference = 3F14C7F0519D2ECAD0A27451 /* Pods-AIApp.debug.xcconfig */;
			buildSettings = {
				ASSETCATALOG_COMPILER_APPICON_NAME = AppIcon;
				ASSETCATALOG_COMPILER_GLOBAL_ACCENT_COLOR_NAME = AccentColor;
				CODE_SIGN_STYLE = Automatic;
				CURRENT_PROJECT_VERSION = 1;
				DEVELOPMENT_TEAM = N422RJM586;
				GENERATE_INFOPLIST_FILE = YES;
				INFOPLIST_FILE = "AIApp/Supporting files/Info.plist";
				INFOPLIST_KEY_UIApplicationSupportsIndirectInputEvents = YES;
				INFOPLIST_KEY_UILaunchStoryboardName = LaunchScreen;
				INFOPLIST_KEY_UISupportedInterfaceOrientations_iPad = "UIInterfaceOrientationPortrait UIInterfaceOrientationPortraitUpsideDown UIInterfaceOrientationLandscapeLeft UIInterfaceOrientationLandscapeRight";
				INFOPLIST_KEY_UISupportedInterfaceOrientations_iPhone = "UIInterfaceOrientationPortrait UIInterfaceOrientationLandscapeLeft UIInterfaceOrientationLandscapeRight";
				LD_RUNPATH_SEARCH_PATHS = (
					"$(inherited)",
					"@executable_path/Frameworks",
				);
				MARKETING_VERSION = 1.0;
				PRODUCT_BUNDLE_IDENTIFIER = org.xaker.AIApp;
				PRODUCT_NAME = "$(TARGET_NAME)";
				SWIFT_EMIT_LOC_STRINGS = YES;
				SWIFT_VERSION = 5.0;
				TARGETED_DEVICE_FAMILY = "1,2";
			};
			name = Debug;
		};
		2CB8A6A6295D8AA7009A954E /* Release */ = {
			isa = XCBuildConfiguration;
			baseConfigurationReference = 59B890C0393326A4F7AFDA71 /* Pods-AIApp.release.xcconfig */;
			buildSettings = {
				ASSETCATALOG_COMPILER_APPICON_NAME = AppIcon;
				ASSETCATALOG_COMPILER_GLOBAL_ACCENT_COLOR_NAME = AccentColor;
				CODE_SIGN_STYLE = Automatic;
				CURRENT_PROJECT_VERSION = 1;
				DEVELOPMENT_TEAM = N422RJM586;
				GENERATE_INFOPLIST_FILE = YES;
				INFOPLIST_FILE = "AIApp/Supporting files/Info.plist";
				INFOPLIST_KEY_UIApplicationSupportsIndirectInputEvents = YES;
				INFOPLIST_KEY_UILaunchStoryboardName = LaunchScreen;
				INFOPLIST_KEY_UISupportedInterfaceOrientations_iPad = "UIInterfaceOrientationPortrait UIInterfaceOrientationPortraitUpsideDown UIInterfaceOrientationLandscapeLeft UIInterfaceOrientationLandscapeRight";
				INFOPLIST_KEY_UISupportedInterfaceOrientations_iPhone = "UIInterfaceOrientationPortrait UIInterfaceOrientationLandscapeLeft UIInterfaceOrientationLandscapeRight";
				LD_RUNPATH_SEARCH_PATHS = (
					"$(inherited)",
					"@executable_path/Frameworks",
				);
				MARKETING_VERSION = 1.0;
				PRODUCT_BUNDLE_IDENTIFIER = org.xaker.AIApp;
				PRODUCT_NAME = "$(TARGET_NAME)";
				SWIFT_EMIT_LOC_STRINGS = YES;
				SWIFT_VERSION = 5.0;
				TARGETED_DEVICE_FAMILY = "1,2";
			};
			name = Release;
		};
/* End XCBuildConfiguration section */

/* Begin XCConfigurationList section */
		2CB8A68B295D8AA7009A954E /* Build configuration list for PBXProject "AIApp" */ = {
			isa = XCConfigurationList;
			buildConfigurations = (
				2CB8A6A2295D8AA7009A954E /* Debug */,
				2CB8A6A3295D8AA7009A954E /* Release */,
			);
			defaultConfigurationIsVisible = 0;
			defaultConfigurationName = Release;
		};
		2CB8A6A4295D8AA7009A954E /* Build configuration list for PBXNativeTarget "AIApp" */ = {
			isa = XCConfigurationList;
			buildConfigurations = (
				2CB8A6A5295D8AA7009A954E /* Debug */,
				2CB8A6A6295D8AA7009A954E /* Release */,
			);
			defaultConfigurationIsVisible = 0;
			defaultConfigurationName = Release;
		};
/* End XCConfigurationList section */
	};
	rootObject = 2CB8A688295D8AA7009A954E /* Project object */;
}
