// !$*UTF8*$!
{
	archiveVersion = 1;
	classes = {
	};
	objectVersion = 55;
	objects = {

/* Begin PBXBuildFile section */
		02B18A701BE16C19A2D82B04 /* Pods_AIApp.framework in Frameworks */ = {isa = PBXBuildFile; fileRef = AF8C43EAB52FFFA6CCD9996D /* Pods_AIApp.framework */; };
		2C06FE11297183600013DD5C /* TrialEnableView.swift in Sources */ = {isa = PBXBuildFile; fileRef = 2C06FE10297183600013DD5C /* TrialEnableView.swift */; };
		2C06FE1A2971A25C0013DD5C /* AddAvatarView.swift in Sources */ = {isa = PBXBuildFile; fileRef = 2C06FE192971A25C0013DD5C /* AddAvatarView.swift */; };
		2C06FE1C2971A4CF0013DD5C /* AddAvatarViewController.swift in Sources */ = {isa = PBXBuildFile; fileRef = 2C06FE1B2971A4CF0013DD5C /* AddAvatarViewController.swift */; };
		2C1E43F8296C07DB0000D015 /* SubscriptionView.swift in Sources */ = {isa = PBXBuildFile; fileRef = 2C1E43F7296C07DB0000D015 /* SubscriptionView.swift */; };
		2C1E43FA296C08100000D015 /* SubscriptionViewController.swift in Sources */ = {isa = PBXBuildFile; fileRef = 2C1E43F9296C08100000D015 /* SubscriptionViewController.swift */; };
		2C1E4401296C8DF00000D015 /* Inter-Bold.ttf in Resources */ = {isa = PBXBuildFile; fileRef = 2C1E43FE296C8D840000D015 /* Inter-Bold.ttf */; };
		2C1E4402296C8DF70000D015 /* Inter-ExtraBold.ttf in Resources */ = {isa = PBXBuildFile; fileRef = 2C1E43FF296C8D840000D015 /* Inter-ExtraBold.ttf */; };
		2C1E4403296C8DF70000D015 /* Inter-Medium.ttf in Resources */ = {isa = PBXBuildFile; fileRef = 2C1E43FD296C8D840000D015 /* Inter-Medium.ttf */; };
		2C1E4404296C8DF70000D015 /* Inter-Regular.ttf in Resources */ = {isa = PBXBuildFile; fileRef = 2C1E4400296C8D840000D015 /* Inter-Regular.ttf */; };
		2C1E4405296C8DF70000D015 /* Inter-SemiBold.ttf in Resources */ = {isa = PBXBuildFile; fileRef = 2C1E43FC296C8D840000D015 /* Inter-SemiBold.ttf */; };
		2C1E4408296C8E530000D015 /* UIFont+Custom.swift in Sources */ = {isa = PBXBuildFile; fileRef = 2C1E4407296C8E530000D015 /* UIFont+Custom.swift */; };
		2C1E440E296DC7150000D015 /* Satoshi-Bold.otf in Resources */ = {isa = PBXBuildFile; fileRef = 2C1E440B296DC6CC0000D015 /* Satoshi-Bold.otf */; };
		2C1E440F296DC7150000D015 /* Satoshi-Medium.otf in Resources */ = {isa = PBXBuildFile; fileRef = 2C1E440C296DC6CC0000D015 /* Satoshi-Medium.otf */; };
		2C1E4410296DC7150000D015 /* Satoshi-Regular.otf in Resources */ = {isa = PBXBuildFile; fileRef = 2C1E440D296DC6CC0000D015 /* Satoshi-Regular.otf */; };
		2C5816B2296EF6480054270D /* SubAdvantageView.swift in Sources */ = {isa = PBXBuildFile; fileRef = 2C5816B1296EF6480054270D /* SubAdvantageView.swift */; };
		2C954FCD2971A9C200D8881B /* UploadPhotosView.swift in Sources */ = {isa = PBXBuildFile; fileRef = 2C954FCC2971A9C200D8881B /* UploadPhotosView.swift */; };
		2C954FCF2971AA3F00D8881B /* UploadPhotosViewController.swift in Sources */ = {isa = PBXBuildFile; fileRef = 2C954FCE2971AA3F00D8881B /* UploadPhotosViewController.swift */; };
		2C954FD22975DD5F00D8881B /* SelectGenderViewController.swift in Sources */ = {isa = PBXBuildFile; fileRef = 2C954FD12975DD5F00D8881B /* SelectGenderViewController.swift */; };
		2C954FD42975DDD600D8881B /* SelectGenderView.swift in Sources */ = {isa = PBXBuildFile; fileRef = 2C954FD32975DDD600D8881B /* SelectGenderView.swift */; };
		2C954FD72975E7C500D8881B /* CreateNameView.swift in Sources */ = {isa = PBXBuildFile; fileRef = 2C954FD62975E7C500D8881B /* CreateNameView.swift */; };
		2C954FD92975E85600D8881B /* CreateNameViewController.swift in Sources */ = {isa = PBXBuildFile; fileRef = 2C954FD82975E85600D8881B /* CreateNameViewController.swift */; };
		2C954FDB2975EA8900D8881B /* Satoshi-Black.otf in Resources */ = {isa = PBXBuildFile; fileRef = 2C954FDA2975EA6500D8881B /* Satoshi-Black.otf */; };
		2CB8A694295D8AA7009A954E /* AppDelegate.swift in Sources */ = {isa = PBXBuildFile; fileRef = 2CB8A693295D8AA7009A954E /* AppDelegate.swift */; };
		2CB8A69D295D8AA7009A954E /* Assets.xcassets in Resources */ = {isa = PBXBuildFile; fileRef = 2CB8A69C295D8AA7009A954E /* Assets.xcassets */; };
		2CB8A6A0295D8AA7009A954E /* LaunchScreen.storyboard in Resources */ = {isa = PBXBuildFile; fileRef = 2CB8A69E295D8AA7009A954E /* LaunchScreen.storyboard */; };
		2CB8A6B5295D8B26009A954E /* RootView.swift in Sources */ = {isa = PBXBuildFile; fileRef = 2CB8A6AE295D8B26009A954E /* RootView.swift */; };
		2CB8A6B6295D8B26009A954E /* UIIColor+hex.swift in Sources */ = {isa = PBXBuildFile; fileRef = 2CB8A6B1295D8B26009A954E /* UIIColor+hex.swift */; };
		2CB8A6B7295D8B26009A954E /* ListCollectionContext+Dequeue.swift in Sources */ = {isa = PBXBuildFile; fileRef = 2CB8A6B4295D8B26009A954E /* ListCollectionContext+Dequeue.swift */; };
		2CB8A6BC295D9041009A954E /* OnboardingViewController.swift in Sources */ = {isa = PBXBuildFile; fileRef = 2CB8A6BB295D9041009A954E /* OnboardingViewController.swift */; };
		2CB8A6BE295D9063009A954E /* OnboardingView.swift in Sources */ = {isa = PBXBuildFile; fileRef = 2CB8A6BD295D9063009A954E /* OnboardingView.swift */; };
		2CB8A6C1295D9193009A954E /* R.generated.swift in Sources */ = {isa = PBXBuildFile; fileRef = 2CB8A6C0295D9193009A954E /* R.generated.swift */; };
		2CB8A6C5295D965E009A954E /* Localizable.strings in Resources */ = {isa = PBXBuildFile; fileRef = 2CB8A6C7295D965E009A954E /* Localizable.strings */; };
		2CB8A7192969A755009A954E /* CloudManager.swift in Sources */ = {isa = PBXBuildFile; fileRef = 2CB8A7182969A755009A954E /* CloudManager.swift */; };
		2CB8A7572969BE68009A954E /* GoogleService-Info.plist in Resources */ = {isa = PBXBuildFile; fileRef = 2CB8A7562969BE68009A954E /* GoogleService-Info.plist */; };
/* End PBXBuildFile section */

/* Begin PBXFileReference section */
		0553871B9C02B049E6A2F04E /* Pods-AIApp.debug.xcconfig */ = {isa = PBXFileReference; includeInIndex = 1; lastKnownFileType = text.xcconfig; name = "Pods-AIApp.debug.xcconfig"; path = "Target Support Files/Pods-AIApp/Pods-AIApp.debug.xcconfig"; sourceTree = "<group>"; };
		2C06FE10297183600013DD5C /* TrialEnableView.swift */ = {isa = PBXFileReference; lastKnownFileType = sourcecode.swift; path = TrialEnableView.swift; sourceTree = "<group>"; };
		2C06FE192971A25C0013DD5C /* AddAvatarView.swift */ = {isa = PBXFileReference; lastKnownFileType = sourcecode.swift; path = AddAvatarView.swift; sourceTree = "<group>"; };
		2C06FE1B2971A4CF0013DD5C /* AddAvatarViewController.swift */ = {isa = PBXFileReference; lastKnownFileType = sourcecode.swift; path = AddAvatarViewController.swift; sourceTree = "<group>"; };
		2C1E43F7296C07DB0000D015 /* SubscriptionView.swift */ = {isa = PBXFileReference; lastKnownFileType = sourcecode.swift; path = SubscriptionView.swift; sourceTree = "<group>"; };
		2C1E43F9296C08100000D015 /* SubscriptionViewController.swift */ = {isa = PBXFileReference; lastKnownFileType = sourcecode.swift; path = SubscriptionViewController.swift; sourceTree = "<group>"; };
		2C1E43FC296C8D840000D015 /* Inter-SemiBold.ttf */ = {isa = PBXFileReference; lastKnownFileType = file; path = "Inter-SemiBold.ttf"; sourceTree = "<group>"; };
		2C1E43FD296C8D840000D015 /* Inter-Medium.ttf */ = {isa = PBXFileReference; lastKnownFileType = file; path = "Inter-Medium.ttf"; sourceTree = "<group>"; };
		2C1E43FE296C8D840000D015 /* Inter-Bold.ttf */ = {isa = PBXFileReference; lastKnownFileType = file; path = "Inter-Bold.ttf"; sourceTree = "<group>"; };
		2C1E43FF296C8D840000D015 /* Inter-ExtraBold.ttf */ = {isa = PBXFileReference; lastKnownFileType = file; path = "Inter-ExtraBold.ttf"; sourceTree = "<group>"; };
		2C1E4400296C8D840000D015 /* Inter-Regular.ttf */ = {isa = PBXFileReference; lastKnownFileType = file; path = "Inter-Regular.ttf"; sourceTree = "<group>"; };
		2C1E4407296C8E530000D015 /* UIFont+Custom.swift */ = {isa = PBXFileReference; lastKnownFileType = sourcecode.swift; path = "UIFont+Custom.swift"; sourceTree = "<group>"; };
		2C1E440B296DC6CC0000D015 /* Satoshi-Bold.otf */ = {isa = PBXFileReference; lastKnownFileType = file; path = "Satoshi-Bold.otf"; sourceTree = "<group>"; };
		2C1E440C296DC6CC0000D015 /* Satoshi-Medium.otf */ = {isa = PBXFileReference; lastKnownFileType = file; path = "Satoshi-Medium.otf"; sourceTree = "<group>"; };
		2C1E440D296DC6CC0000D015 /* Satoshi-Regular.otf */ = {isa = PBXFileReference; lastKnownFileType = file; path = "Satoshi-Regular.otf"; sourceTree = "<group>"; };
		2C5816B1296EF6480054270D /* SubAdvantageView.swift */ = {isa = PBXFileReference; lastKnownFileType = sourcecode.swift; path = SubAdvantageView.swift; sourceTree = "<group>"; };
		2C954FCC2971A9C200D8881B /* UploadPhotosView.swift */ = {isa = PBXFileReference; lastKnownFileType = sourcecode.swift; path = UploadPhotosView.swift; sourceTree = "<group>"; };
		2C954FCE2971AA3F00D8881B /* UploadPhotosViewController.swift */ = {isa = PBXFileReference; lastKnownFileType = sourcecode.swift; path = UploadPhotosViewController.swift; sourceTree = "<group>"; };
		2C954FD12975DD5F00D8881B /* SelectGenderViewController.swift */ = {isa = PBXFileReference; lastKnownFileType = sourcecode.swift; path = SelectGenderViewController.swift; sourceTree = "<group>"; };
		2C954FD32975DDD600D8881B /* SelectGenderView.swift */ = {isa = PBXFileReference; lastKnownFileType = sourcecode.swift; path = SelectGenderView.swift; sourceTree = "<group>"; };
		2C954FD62975E7C500D8881B /* CreateNameView.swift */ = {isa = PBXFileReference; lastKnownFileType = sourcecode.swift; path = CreateNameView.swift; sourceTree = "<group>"; };
		2C954FD82975E85600D8881B /* CreateNameViewController.swift */ = {isa = PBXFileReference; lastKnownFileType = sourcecode.swift; path = CreateNameViewController.swift; sourceTree = "<group>"; };
		2C954FDA2975EA6500D8881B /* Satoshi-Black.otf */ = {isa = PBXFileReference; lastKnownFileType = file; path = "Satoshi-Black.otf"; sourceTree = "<group>"; };
		2CB8A690295D8AA7009A954E /* AIApp.app */ = {isa = PBXFileReference; explicitFileType = wrapper.application; includeInIndex = 0; path = AIApp.app; sourceTree = BUILT_PRODUCTS_DIR; };
		2CB8A693295D8AA7009A954E /* AppDelegate.swift */ = {isa = PBXFileReference; lastKnownFileType = sourcecode.swift; path = AppDelegate.swift; sourceTree = "<group>"; };
		2CB8A69C295D8AA7009A954E /* Assets.xcassets */ = {isa = PBXFileReference; lastKnownFileType = folder.assetcatalog; path = Assets.xcassets; sourceTree = "<group>"; };
		2CB8A69F295D8AA7009A954E /* Base */ = {isa = PBXFileReference; lastKnownFileType = file.storyboard; name = Base; path = Base.lproj/LaunchScreen.storyboard; sourceTree = "<group>"; };
		2CB8A6A1295D8AA7009A954E /* Info.plist */ = {isa = PBXFileReference; lastKnownFileType = text.plist.xml; path = Info.plist; sourceTree = "<group>"; };
		2CB8A6AE295D8B26009A954E /* RootView.swift */ = {isa = PBXFileReference; fileEncoding = 4; lastKnownFileType = sourcecode.swift; path = RootView.swift; sourceTree = "<group>"; };
		2CB8A6B1295D8B26009A954E /* UIIColor+hex.swift */ = {isa = PBXFileReference; fileEncoding = 4; lastKnownFileType = sourcecode.swift; path = "UIIColor+hex.swift"; sourceTree = "<group>"; };
		2CB8A6B4295D8B26009A954E /* ListCollectionContext+Dequeue.swift */ = {isa = PBXFileReference; fileEncoding = 4; lastKnownFileType = sourcecode.swift; path = "ListCollectionContext+Dequeue.swift"; sourceTree = "<group>"; };
		2CB8A6BB295D9041009A954E /* OnboardingViewController.swift */ = {isa = PBXFileReference; lastKnownFileType = sourcecode.swift; path = OnboardingViewController.swift; sourceTree = "<group>"; };
		2CB8A6BD295D9063009A954E /* OnboardingView.swift */ = {isa = PBXFileReference; lastKnownFileType = sourcecode.swift; path = OnboardingView.swift; sourceTree = "<group>"; };
		2CB8A6C0295D9193009A954E /* R.generated.swift */ = {isa = PBXFileReference; fileEncoding = 4; lastKnownFileType = sourcecode.swift; path = R.generated.swift; sourceTree = "<group>"; };
		2CB8A6C6295D965E009A954E /* en */ = {isa = PBXFileReference; lastKnownFileType = text.plist.strings; name = en; path = en.lproj/Localizable.strings; sourceTree = "<group>"; };
		2CB8A7182969A755009A954E /* CloudManager.swift */ = {isa = PBXFileReference; lastKnownFileType = sourcecode.swift; path = CloudManager.swift; sourceTree = "<group>"; };
		2CB8A7562969BE68009A954E /* GoogleService-Info.plist */ = {isa = PBXFileReference; fileEncoding = 4; lastKnownFileType = text.plist.xml; path = "GoogleService-Info.plist"; sourceTree = "<group>"; };
		64AAA940E3536886A6CAF388 /* Pods-AIApp.release.xcconfig */ = {isa = PBXFileReference; includeInIndex = 1; lastKnownFileType = text.xcconfig; name = "Pods-AIApp.release.xcconfig"; path = "Target Support Files/Pods-AIApp/Pods-AIApp.release.xcconfig"; sourceTree = "<group>"; };
		AF8C43EAB52FFFA6CCD9996D /* Pods_AIApp.framework */ = {isa = PBXFileReference; explicitFileType = wrapper.framework; includeInIndex = 0; path = Pods_AIApp.framework; sourceTree = BUILT_PRODUCTS_DIR; };
/* End PBXFileReference section */

/* Begin PBXFrameworksBuildPhase section */
		2CB8A68D295D8AA7009A954E /* Frameworks */ = {
			isa = PBXFrameworksBuildPhase;
			buildActionMask = 2147483647;
			files = (
				02B18A701BE16C19A2D82B04 /* Pods_AIApp.framework in Frameworks */,
			);
			runOnlyForDeploymentPostprocessing = 0;
		};
/* End PBXFrameworksBuildPhase section */

/* Begin PBXGroup section */
		2653B8C5CC6BDED613625B79 /* Pods */ = {
			isa = PBXGroup;
			children = (
				0553871B9C02B049E6A2F04E /* Pods-AIApp.debug.xcconfig */,
				64AAA940E3536886A6CAF388 /* Pods-AIApp.release.xcconfig */,
			);
			path = Pods;
			sourceTree = "<group>";
		};
		2C06FE122971A15F0013DD5C /* CreateAvatar */ = {
			isa = PBXGroup;
			children = (
				2C06FE172971A2330013DD5C /* AddAvatar */,
				2C06FE132971A1720013DD5C /* UploadPhotos */,
				2C06FE142971A17E0013DD5C /* SelectGender */,
				2C06FE152971A2090013DD5C /* Name */,
				2C06FE162971A2190013DD5C /* ChoosePack */,
			);
			path = CreateAvatar;
			sourceTree = "<group>";
		};
		2C06FE132971A1720013DD5C /* UploadPhotos */ = {
			isa = PBXGroup;
			children = (
				2C954FCB2971A9B000D8881B /* View */,
				2C954FCE2971AA3F00D8881B /* UploadPhotosViewController.swift */,
			);
			path = UploadPhotos;
			sourceTree = "<group>";
		};
		2C06FE142971A17E0013DD5C /* SelectGender */ = {
			isa = PBXGroup;
			children = (
				2C954FD02975DD4900D8881B /* View */,
				2C954FD12975DD5F00D8881B /* SelectGenderViewController.swift */,
			);
			path = SelectGender;
			sourceTree = "<group>";
		};
		2C06FE152971A2090013DD5C /* Name */ = {
			isa = PBXGroup;
			children = (
				2C954FD52975E7B300D8881B /* View */,
				2C954FD82975E85600D8881B /* CreateNameViewController.swift */,
			);
			path = Name;
			sourceTree = "<group>";
		};
		2C06FE162971A2190013DD5C /* ChoosePack */ = {
			isa = PBXGroup;
			children = (
			);
			path = ChoosePack;
			sourceTree = "<group>";
		};
		2C06FE172971A2330013DD5C /* AddAvatar */ = {
			isa = PBXGroup;
			children = (
				2C06FE182971A2460013DD5C /* View */,
				2C06FE1B2971A4CF0013DD5C /* AddAvatarViewController.swift */,
			);
			path = AddAvatar;
			sourceTree = "<group>";
		};
		2C06FE182971A2460013DD5C /* View */ = {
			isa = PBXGroup;
			children = (
				2C06FE192971A25C0013DD5C /* AddAvatarView.swift */,
			);
			path = View;
			sourceTree = "<group>";
		};
		2C1E43F5296C079D0000D015 /* Subscription */ = {
			isa = PBXGroup;
			children = (
				2C1E43F6296C07B80000D015 /* View */,
				2C1E43F9296C08100000D015 /* SubscriptionViewController.swift */,
			);
			path = Subscription;
			sourceTree = "<group>";
		};
		2C1E43F6296C07B80000D015 /* View */ = {
			isa = PBXGroup;
			children = (
				2C5816B0296EF59F0054270D /* Subview */,
				2C1E43F7296C07DB0000D015 /* SubscriptionView.swift */,
			);
			path = View;
			sourceTree = "<group>";
		};
		2C1E43FB296C8CD50000D015 /* Font */ = {
			isa = PBXGroup;
			children = (
				2C1E440A296DC5D90000D015 /* Satoshi */,
				2C1E4409296DC4F50000D015 /* Inter */,
			);
			path = Font;
			sourceTree = "<group>";
		};
		2C1E4409296DC4F50000D015 /* Inter */ = {
			isa = PBXGroup;
			children = (
				2C1E43FE296C8D840000D015 /* Inter-Bold.ttf */,
				2C1E43FF296C8D840000D015 /* Inter-ExtraBold.ttf */,
				2C1E43FD296C8D840000D015 /* Inter-Medium.ttf */,
				2C1E4400296C8D840000D015 /* Inter-Regular.ttf */,
				2C1E43FC296C8D840000D015 /* Inter-SemiBold.ttf */,
			);
			path = Inter;
			sourceTree = "<group>";
		};
		2C1E440A296DC5D90000D015 /* Satoshi */ = {
			isa = PBXGroup;
			children = (
				2C954FDA2975EA6500D8881B /* Satoshi-Black.otf */,
				2C1E440B296DC6CC0000D015 /* Satoshi-Bold.otf */,
				2C1E440C296DC6CC0000D015 /* Satoshi-Medium.otf */,
				2C1E440D296DC6CC0000D015 /* Satoshi-Regular.otf */,
			);
			path = Satoshi;
			sourceTree = "<group>";
		};
		2C5816B0296EF59F0054270D /* Subview */ = {
			isa = PBXGroup;
			children = (
				2C06FE10297183600013DD5C /* TrialEnableView.swift */,
			);
			path = Subview;
			sourceTree = "<group>";
		};
		2C659577CAB522526F09E771 /* Frameworks */ = {
			isa = PBXGroup;
			children = (
				AF8C43EAB52FFFA6CCD9996D /* Pods_AIApp.framework */,
			);
			name = Frameworks;
			sourceTree = "<group>";
		};
		2C954FCB2971A9B000D8881B /* View */ = {
			isa = PBXGroup;
			children = (
				2C954FCC2971A9C200D8881B /* UploadPhotosView.swift */,
			);
			path = View;
			sourceTree = "<group>";
		};
		2C954FD02975DD4900D8881B /* View */ = {
			isa = PBXGroup;
			children = (
				2C954FD32975DDD600D8881B /* SelectGenderView.swift */,
			);
			path = View;
			sourceTree = "<group>";
		};
		2C954FD52975E7B300D8881B /* View */ = {
			isa = PBXGroup;
			children = (
				2C954FD62975E7C500D8881B /* CreateNameView.swift */,
			);
			path = View;
			sourceTree = "<group>";
		};
		2CB8A687295D8AA7009A954E = {
			isa = PBXGroup;
			children = (
				2CB8A6C0295D9193009A954E /* R.generated.swift */,
				2CB8A692295D8AA7009A954E /* AIApp */,
				2CB8A691295D8AA7009A954E /* Products */,
				2653B8C5CC6BDED613625B79 /* Pods */,
				2C659577CAB522526F09E771 /* Frameworks */,
			);
			sourceTree = "<group>";
		};
		2CB8A691295D8AA7009A954E /* Products */ = {
			isa = PBXGroup;
			children = (
				2CB8A690295D8AA7009A954E /* AIApp.app */,
			);
			name = Products;
			sourceTree = "<group>";
		};
		2CB8A692295D8AA7009A954E /* AIApp */ = {
			isa = PBXGroup;
			children = (
				2CB8A6A7295D8AE4009A954E /* Application */,
				2CB8A6A8295D8AF3009A954E /* Modules */,
				2CB8A6A9295D8AFD009A954E /* Shared */,
				2CB8A6AA295D8B08009A954E /* Supporting files */,
			);
			path = AIApp;
			sourceTree = "<group>";
		};
		2CB8A6A7295D8AE4009A954E /* Application */ = {
			isa = PBXGroup;
			children = (
				2CB8A693295D8AA7009A954E /* AppDelegate.swift */,
				2CB8A69E295D8AA7009A954E /* LaunchScreen.storyboard */,
			);
			path = Application;
			sourceTree = "<group>";
		};
		2CB8A6A8295D8AF3009A954E /* Modules */ = {
			isa = PBXGroup;
			children = (
				2C06FE122971A15F0013DD5C /* CreateAvatar */,
				2C1E43F5296C079D0000D015 /* Subscription */,
				2CB8A6B9295D8FF4009A954E /* Onboarding */,
			);
			path = Modules;
			sourceTree = "<group>";
		};
		2CB8A6A9295D8AFD009A954E /* Shared */ = {
			isa = PBXGroup;
			children = (
				2CB8A7162969A740009A954E /* Service */,
				2CB8A6AB295D8B26009A954E /* Common */,
				2CB8A6B8295D8B7A009A954E /* Resources */,
			);
			path = Shared;
			sourceTree = "<group>";
		};
		2CB8A6AA295D8B08009A954E /* Supporting files */ = {
			isa = PBXGroup;
			children = (
				2CB8A7562969BE68009A954E /* GoogleService-Info.plist */,
				2CB8A6A1295D8AA7009A954E /* Info.plist */,
			);
			path = "Supporting files";
			sourceTree = "<group>";
		};
		2CB8A6AB295D8B26009A954E /* Common */ = {
			isa = PBXGroup;
			children = (
				2CB8A6AC295D8B26009A954E /* UI */,
				2CB8A6AF295D8B26009A954E /* Extentions */,
			);
			path = Common;
			sourceTree = "<group>";
		};
		2CB8A6AC295D8B26009A954E /* UI */ = {
			isa = PBXGroup;
			children = (
				2CB8A6AD295D8B26009A954E /* Views */,
			);
			path = UI;
			sourceTree = "<group>";
		};
		2CB8A6AD295D8B26009A954E /* Views */ = {
			isa = PBXGroup;
			children = (
				2C5816B1296EF6480054270D /* SubAdvantageView.swift */,
				2CB8A6AE295D8B26009A954E /* RootView.swift */,
			);
			path = Views;
			sourceTree = "<group>";
		};
		2CB8A6AF295D8B26009A954E /* Extentions */ = {
			isa = PBXGroup;
			children = (
				2CB8A6B0295D8B26009A954E /* UIKit */,
				2CB8A6B2295D8B26009A954E /* Foundation */,
				2CB8A6B3295D8B26009A954E /* IGListKit */,
			);
			path = Extentions;
			sourceTree = "<group>";
		};
		2CB8A6B0295D8B26009A954E /* UIKit */ = {
			isa = PBXGroup;
			children = (
				2C1E4407296C8E530000D015 /* UIFont+Custom.swift */,
				2CB8A6B1295D8B26009A954E /* UIIColor+hex.swift */,
			);
			path = UIKit;
			sourceTree = "<group>";
		};
		2CB8A6B2295D8B26009A954E /* Foundation */ = {
			isa = PBXGroup;
			children = (
			);
			path = Foundation;
			sourceTree = "<group>";
		};
		2CB8A6B3295D8B26009A954E /* IGListKit */ = {
			isa = PBXGroup;
			children = (
				2CB8A6B4295D8B26009A954E /* ListCollectionContext+Dequeue.swift */,
			);
			path = IGListKit;
			sourceTree = "<group>";
		};
		2CB8A6B8295D8B7A009A954E /* Resources */ = {
			isa = PBXGroup;
			children = (
				2C1E43FB296C8CD50000D015 /* Font */,
				2CB8A6C2295D964D009A954E /* Strings */,
				2CB8A69C295D8AA7009A954E /* Assets.xcassets */,
			);
			path = Resources;
			sourceTree = "<group>";
		};
		2CB8A6B9295D8FF4009A954E /* Onboarding */ = {
			isa = PBXGroup;
			children = (
				2CB8A6BA295D902B009A954E /* View */,
				2CB8A6BB295D9041009A954E /* OnboardingViewController.swift */,
			);
			path = Onboarding;
			sourceTree = "<group>";
		};
		2CB8A6BA295D902B009A954E /* View */ = {
			isa = PBXGroup;
			children = (
				2CB8A6BD295D9063009A954E /* OnboardingView.swift */,
			);
			path = View;
			sourceTree = "<group>";
		};
		2CB8A6C2295D964D009A954E /* Strings */ = {
			isa = PBXGroup;
			children = (
				2CB8A6C7295D965E009A954E /* Localizable.strings */,
			);
			path = Strings;
			sourceTree = "<group>";
		};
		2CB8A7162969A740009A954E /* Service */ = {
			isa = PBXGroup;
			children = (
				2CB8A7172969A746009A954E /* Cloud */,
			);
			path = Service;
			sourceTree = "<group>";
		};
		2CB8A7172969A746009A954E /* Cloud */ = {
			isa = PBXGroup;
			children = (
				2CB8A7182969A755009A954E /* CloudManager.swift */,
			);
			path = Cloud;
			sourceTree = "<group>";
		};
/* End PBXGroup section */

/* Begin PBXNativeTarget section */
		2CB8A68F295D8AA7009A954E /* AIApp */ = {
			isa = PBXNativeTarget;
			buildConfigurationList = 2CB8A6A4295D8AA7009A954E /* Build configuration list for PBXNativeTarget "AIApp" */;
			buildPhases = (
				4FD5100258F769FB36535BC4 /* [CP] Check Pods Manifest.lock */,
				2CB8A6BF295D9118009A954E /* ShellScript */,
				2CB8A68C295D8AA7009A954E /* Sources */,
				2CB8A68D295D8AA7009A954E /* Frameworks */,
				2CB8A68E295D8AA7009A954E /* Resources */,
				7A8C23424FC75D2F800950C7 /* [CP] Embed Pods Frameworks */,
			);
			buildRules = (
			);
			dependencies = (
			);
			name = AIApp;
			productName = AIApp;
			productReference = 2CB8A690295D8AA7009A954E /* AIApp.app */;
			productType = "com.apple.product-type.application";
		};
/* End PBXNativeTarget section */

/* Begin PBXProject section */
		2CB8A688295D8AA7009A954E /* Project object */ = {
			isa = PBXProject;
			attributes = {
				BuildIndependentTargetsInParallel = 1;
				LastSwiftUpdateCheck = 1420;
				LastUpgradeCheck = 1420;
				TargetAttributes = {
					2CB8A68F295D8AA7009A954E = {
						CreatedOnToolsVersion = 14.2;
					};
				};
			};
			buildConfigurationList = 2CB8A68B295D8AA7009A954E /* Build configuration list for PBXProject "AIApp" */;
			compatibilityVersion = "Xcode 13.0";
			developmentRegion = en;
			hasScannedForEncodings = 0;
			knownRegions = (
				en,
				Base,
			);
			mainGroup = 2CB8A687295D8AA7009A954E;
			productRefGroup = 2CB8A691295D8AA7009A954E /* Products */;
			projectDirPath = "";
			projectRoot = "";
			targets = (
				2CB8A68F295D8AA7009A954E /* AIApp */,
			);
		};
/* End PBXProject section */

/* Begin PBXResourcesBuildPhase section */
		2CB8A68E295D8AA7009A954E /* Resources */ = {
			isa = PBXResourcesBuildPhase;
			buildActionMask = 2147483647;
			files = (
				2C954FDB2975EA8900D8881B /* Satoshi-Black.otf in Resources */,
				2C1E440E296DC7150000D015 /* Satoshi-Bold.otf in Resources */,
				2C1E440F296DC7150000D015 /* Satoshi-Medium.otf in Resources */,
				2C1E4410296DC7150000D015 /* Satoshi-Regular.otf in Resources */,
				2C1E4402296C8DF70000D015 /* Inter-ExtraBold.ttf in Resources */,
				2C1E4403296C8DF70000D015 /* Inter-Medium.ttf in Resources */,
				2C1E4404296C8DF70000D015 /* Inter-Regular.ttf in Resources */,
				2C1E4405296C8DF70000D015 /* Inter-SemiBold.ttf in Resources */,
				2C1E4401296C8DF00000D015 /* Inter-Bold.ttf in Resources */,
				2CB8A6A0295D8AA7009A954E /* LaunchScreen.storyboard in Resources */,
				2CB8A7572969BE68009A954E /* GoogleService-Info.plist in Resources */,
				2CB8A6C5295D965E009A954E /* Localizable.strings in Resources */,
				2CB8A69D295D8AA7009A954E /* Assets.xcassets in Resources */,
			);
			runOnlyForDeploymentPostprocessing = 0;
		};
/* End PBXResourcesBuildPhase section */

/* Begin PBXShellScriptBuildPhase section */
		2CB8A6BF295D9118009A954E /* ShellScript */ = {
			isa = PBXShellScriptBuildPhase;
			alwaysOutOfDate = 1;
			buildActionMask = 2147483647;
			files = (
			);
			inputFileListPaths = (
			);
			inputPaths = (
			);
			outputFileListPaths = (
			);
			outputPaths = (
				$SRCROOT/R.generated.swift,
			);
			runOnlyForDeploymentPostprocessing = 0;
			shellPath = /bin/sh;
			shellScript = "\"$PODS_ROOT/R.swift/rswift\" generate \"$SRCROOT/R.generated.swift\"\n";
		};
		4FD5100258F769FB36535BC4 /* [CP] Check Pods Manifest.lock */ = {
			isa = PBXShellScriptBuildPhase;
			buildActionMask = 2147483647;
			files = (
			);
			inputFileListPaths = (
			);
			inputPaths = (
				"${PODS_PODFILE_DIR_PATH}/Podfile.lock",
				"${PODS_ROOT}/Manifest.lock",
			);
			name = "[CP] Check Pods Manifest.lock";
			outputFileListPaths = (
			);
			outputPaths = (
				"$(DERIVED_FILE_DIR)/Pods-AIApp-checkManifestLockResult.txt",
			);
			runOnlyForDeploymentPostprocessing = 0;
			shellPath = /bin/sh;
			shellScript = "diff \"${PODS_PODFILE_DIR_PATH}/Podfile.lock\" \"${PODS_ROOT}/Manifest.lock\" > /dev/null\nif [ $? != 0 ] ; then\n    # print error to STDERR\n    echo \"error: The sandbox is not in sync with the Podfile.lock. Run 'pod install' or update your CocoaPods installation.\" >&2\n    exit 1\nfi\n# This output is used by Xcode 'outputs' to avoid re-running this script phase.\necho \"SUCCESS\" > \"${SCRIPT_OUTPUT_FILE_0}\"\n";
			showEnvVarsInLog = 0;
		};
		7A8C23424FC75D2F800950C7 /* [CP] Embed Pods Frameworks */ = {
			isa = PBXShellScriptBuildPhase;
			buildActionMask = 2147483647;
			files = (
			);
			inputFileListPaths = (
				"${PODS_ROOT}/Target Support Files/Pods-AIApp/Pods-AIApp-frameworks-${CONFIGURATION}-input-files.xcfilelist",
			);
			name = "[CP] Embed Pods Frameworks";
			outputFileListPaths = (
				"${PODS_ROOT}/Target Support Files/Pods-AIApp/Pods-AIApp-frameworks-${CONFIGURATION}-output-files.xcfilelist",
			);
			runOnlyForDeploymentPostprocessing = 0;
			shellPath = /bin/sh;
			shellScript = "\"${PODS_ROOT}/Target Support Files/Pods-AIApp/Pods-AIApp-frameworks.sh\"\n";
			showEnvVarsInLog = 0;
		};
/* End PBXShellScriptBuildPhase section */

/* Begin PBXSourcesBuildPhase section */
		2CB8A68C295D8AA7009A954E /* Sources */ = {
			isa = PBXSourcesBuildPhase;
			buildActionMask = 2147483647;
			files = (
				2CB8A6B7295D8B26009A954E /* ListCollectionContext+Dequeue.swift in Sources */,
				2C5816B2296EF6480054270D /* SubAdvantageView.swift in Sources */,
				2C954FD42975DDD600D8881B /* SelectGenderView.swift in Sources */,
				2CB8A6C1295D9193009A954E /* R.generated.swift in Sources */,
				2C1E43F8296C07DB0000D015 /* SubscriptionView.swift in Sources */,
				2CB8A6B5295D8B26009A954E /* RootView.swift in Sources */,
				2CB8A6BC295D9041009A954E /* OnboardingViewController.swift in Sources */,
				2CB8A6BE295D9063009A954E /* OnboardingView.swift in Sources */,
				2C954FD92975E85600D8881B /* CreateNameViewController.swift in Sources */,
				2C06FE1A2971A25C0013DD5C /* AddAvatarView.swift in Sources */,
				2C1E43FA296C08100000D015 /* SubscriptionViewController.swift in Sources */,
				2C954FCF2971AA3F00D8881B /* UploadPhotosViewController.swift in Sources */,
				2C06FE1C2971A4CF0013DD5C /* AddAvatarViewController.swift in Sources */,
				2CB8A6B6295D8B26009A954E /* UIIColor+hex.swift in Sources */,
				2C954FD22975DD5F00D8881B /* SelectGenderViewController.swift in Sources */,
				2C1E4408296C8E530000D015 /* UIFont+Custom.swift in Sources */,
				2C06FE11297183600013DD5C /* TrialEnableView.swift in Sources */,
				2CB8A694295D8AA7009A954E /* AppDelegate.swift in Sources */,
				2C954FCD2971A9C200D8881B /* UploadPhotosView.swift in Sources */,
				2CB8A7192969A755009A954E /* CloudManager.swift in Sources */,
				2C954FD72975E7C500D8881B /* CreateNameView.swift in Sources */,
			);
			runOnlyForDeploymentPostprocessing = 0;
		};
/* End PBXSourcesBuildPhase section */

/* Begin PBXVariantGroup section */
		2CB8A69E295D8AA7009A954E /* LaunchScreen.storyboard */ = {
			isa = PBXVariantGroup;
			children = (
				2CB8A69F295D8AA7009A954E /* Base */,
			);
			name = LaunchScreen.storyboard;
			sourceTree = "<group>";
		};
		2CB8A6C7295D965E009A954E /* Localizable.strings */ = {
			isa = PBXVariantGroup;
			children = (
				2CB8A6C6295D965E009A954E /* en */,
			);
			name = Localizable.strings;
			sourceTree = "<group>";
		};
/* End PBXVariantGroup section */

/* Begin XCBuildConfiguration section */
		2CB8A6A2295D8AA7009A954E /* Debug */ = {
			isa = XCBuildConfiguration;
			buildSettings = {
				ALWAYS_SEARCH_USER_PATHS = NO;
				CLANG_ANALYZER_NONNULL = YES;
				CLANG_ANALYZER_NUMBER_OBJECT_CONVERSION = YES_AGGRESSIVE;
				CLANG_CXX_LANGUAGE_STANDARD = "gnu++20";
				CLANG_ENABLE_MODULES = YES;
				CLANG_ENABLE_OBJC_ARC = YES;
				CLANG_ENABLE_OBJC_WEAK = YES;
				CLANG_WARN_BLOCK_CAPTURE_AUTORELEASING = YES;
				CLANG_WARN_BOOL_CONVERSION = YES;
				CLANG_WARN_COMMA = YES;
				CLANG_WARN_CONSTANT_CONVERSION = YES;
				CLANG_WARN_DEPRECATED_OBJC_IMPLEMENTATIONS = YES;
				CLANG_WARN_DIRECT_OBJC_ISA_USAGE = YES_ERROR;
				CLANG_WARN_DOCUMENTATION_COMMENTS = YES;
				CLANG_WARN_EMPTY_BODY = YES;
				CLANG_WARN_ENUM_CONVERSION = YES;
				CLANG_WARN_INFINITE_RECURSION = YES;
				CLANG_WARN_INT_CONVERSION = YES;
				CLANG_WARN_NON_LITERAL_NULL_CONVERSION = YES;
				CLANG_WARN_OBJC_IMPLICIT_RETAIN_SELF = YES;
				CLANG_WARN_OBJC_LITERAL_CONVERSION = YES;
				CLANG_WARN_OBJC_ROOT_CLASS = YES_ERROR;
				CLANG_WARN_QUOTED_INCLUDE_IN_FRAMEWORK_HEADER = YES;
				CLANG_WARN_RANGE_LOOP_ANALYSIS = YES;
				CLANG_WARN_STRICT_PROTOTYPES = YES;
				CLANG_WARN_SUSPICIOUS_MOVE = YES;
				CLANG_WARN_UNGUARDED_AVAILABILITY = YES_AGGRESSIVE;
				CLANG_WARN_UNREACHABLE_CODE = YES;
				CLANG_WARN__DUPLICATE_METHOD_MATCH = YES;
				COPY_PHASE_STRIP = NO;
				DEBUG_INFORMATION_FORMAT = dwarf;
				ENABLE_STRICT_OBJC_MSGSEND = YES;
				ENABLE_TESTABILITY = YES;
				GCC_C_LANGUAGE_STANDARD = gnu11;
				GCC_DYNAMIC_NO_PIC = NO;
				GCC_NO_COMMON_BLOCKS = YES;
				GCC_OPTIMIZATION_LEVEL = 0;
				GCC_PREPROCESSOR_DEFINITIONS = (
					"DEBUG=1",
					"$(inherited)",
				);
				GCC_WARN_64_TO_32_BIT_CONVERSION = YES;
				GCC_WARN_ABOUT_RETURN_TYPE = YES_ERROR;
				GCC_WARN_UNDECLARED_SELECTOR = YES;
				GCC_WARN_UNINITIALIZED_AUTOS = YES_AGGRESSIVE;
				GCC_WARN_UNUSED_FUNCTION = YES;
				GCC_WARN_UNUSED_VARIABLE = YES;
				IPHONEOS_DEPLOYMENT_TARGET = 16.2;
				MTL_ENABLE_DEBUG_INFO = INCLUDE_SOURCE;
				MTL_FAST_MATH = YES;
				ONLY_ACTIVE_ARCH = YES;
				SDKROOT = iphoneos;
				SWIFT_ACTIVE_COMPILATION_CONDITIONS = DEBUG;
				SWIFT_OPTIMIZATION_LEVEL = "-Onone";
			};
			name = Debug;
		};
		2CB8A6A3295D8AA7009A954E /* Release */ = {
			isa = XCBuildConfiguration;
			buildSettings = {
				ALWAYS_SEARCH_USER_PATHS = NO;
				CLANG_ANALYZER_NONNULL = YES;
				CLANG_ANALYZER_NUMBER_OBJECT_CONVERSION = YES_AGGRESSIVE;
				CLANG_CXX_LANGUAGE_STANDARD = "gnu++20";
				CLANG_ENABLE_MODULES = YES;
				CLANG_ENABLE_OBJC_ARC = YES;
				CLANG_ENABLE_OBJC_WEAK = YES;
				CLANG_WARN_BLOCK_CAPTURE_AUTORELEASING = YES;
				CLANG_WARN_BOOL_CONVERSION = YES;
				CLANG_WARN_COMMA = YES;
				CLANG_WARN_CONSTANT_CONVERSION = YES;
				CLANG_WARN_DEPRECATED_OBJC_IMPLEMENTATIONS = YES;
				CLANG_WARN_DIRECT_OBJC_ISA_USAGE = YES_ERROR;
				CLANG_WARN_DOCUMENTATION_COMMENTS = YES;
				CLANG_WARN_EMPTY_BODY = YES;
				CLANG_WARN_ENUM_CONVERSION = YES;
				CLANG_WARN_INFINITE_RECURSION = YES;
				CLANG_WARN_INT_CONVERSION = YES;
				CLANG_WARN_NON_LITERAL_NULL_CONVERSION = YES;
				CLANG_WARN_OBJC_IMPLICIT_RETAIN_SELF = YES;
				CLANG_WARN_OBJC_LITERAL_CONVERSION = YES;
				CLANG_WARN_OBJC_ROOT_CLASS = YES_ERROR;
				CLANG_WARN_QUOTED_INCLUDE_IN_FRAMEWORK_HEADER = YES;
				CLANG_WARN_RANGE_LOOP_ANALYSIS = YES;
				CLANG_WARN_STRICT_PROTOTYPES = YES;
				CLANG_WARN_SUSPICIOUS_MOVE = YES;
				CLANG_WARN_UNGUARDED_AVAILABILITY = YES_AGGRESSIVE;
				CLANG_WARN_UNREACHABLE_CODE = YES;
				CLANG_WARN__DUPLICATE_METHOD_MATCH = YES;
				COPY_PHASE_STRIP = NO;
				DEBUG_INFORMATION_FORMAT = "dwarf-with-dsym";
				ENABLE_NS_ASSERTIONS = NO;
				ENABLE_STRICT_OBJC_MSGSEND = YES;
				GCC_C_LANGUAGE_STANDARD = gnu11;
				GCC_NO_COMMON_BLOCKS = YES;
				GCC_WARN_64_TO_32_BIT_CONVERSION = YES;
				GCC_WARN_ABOUT_RETURN_TYPE = YES_ERROR;
				GCC_WARN_UNDECLARED_SELECTOR = YES;
				GCC_WARN_UNINITIALIZED_AUTOS = YES_AGGRESSIVE;
				GCC_WARN_UNUSED_FUNCTION = YES;
				GCC_WARN_UNUSED_VARIABLE = YES;
				IPHONEOS_DEPLOYMENT_TARGET = 16.2;
				MTL_ENABLE_DEBUG_INFO = NO;
				MTL_FAST_MATH = YES;
				SDKROOT = iphoneos;
				SWIFT_COMPILATION_MODE = wholemodule;
				SWIFT_OPTIMIZATION_LEVEL = "-O";
				VALIDATE_PRODUCT = YES;
			};
			name = Release;
		};
		2CB8A6A5295D8AA7009A954E /* Debug */ = {
			isa = XCBuildConfiguration;
			baseConfigurationReference = 0553871B9C02B049E6A2F04E /* Pods-AIApp.debug.xcconfig */;
			buildSettings = {
				ASSETCATALOG_COMPILER_APPICON_NAME = AppIcon;
				ASSETCATALOG_COMPILER_GLOBAL_ACCENT_COLOR_NAME = AccentColor;
				CODE_SIGN_STYLE = Automatic;
				CURRENT_PROJECT_VERSION = 2;
				DEVELOPMENT_TEAM = N422RJM586;
				GENERATE_INFOPLIST_FILE = YES;
				INFOPLIST_FILE = "AIApp/Supporting files/Info.plist";
				INFOPLIST_KEY_UIApplicationSupportsIndirectInputEvents = YES;
				INFOPLIST_KEY_UILaunchStoryboardName = LaunchScreen;
				INFOPLIST_KEY_UIRequiresFullScreen = NO;
				INFOPLIST_KEY_UIStatusBarStyle = UIStatusBarStyleLightContent;
				INFOPLIST_KEY_UISupportedInterfaceOrientations = UIInterfaceOrientationPortrait;
				INFOPLIST_KEY_UISupportedInterfaceOrientations_iPad = "UIInterfaceOrientationPortrait UIInterfaceOrientationPortraitUpsideDown";
				IPHONEOS_DEPLOYMENT_TARGET = 15.0;
				LD_RUNPATH_SEARCH_PATHS = (
					"$(inherited)",
					"@executable_path/Frameworks",
				);
				MARKETING_VERSION = 0.0.1;
				PRODUCT_BUNDLE_IDENTIFIER = org.xaker.AIApp;
				PRODUCT_NAME = "$(TARGET_NAME)";
				SUPPORTED_PLATFORMS = "iphoneos iphonesimulator";
				SUPPORTS_MACCATALYST = NO;
				SUPPORTS_MAC_DESIGNED_FOR_IPHONE_IPAD = NO;
				SWIFT_EMIT_LOC_STRINGS = YES;
				SWIFT_VERSION = 5.0;
				TARGETED_DEVICE_FAMILY = 1;
			};
			name = Debug;
		};
		2CB8A6A6295D8AA7009A954E /* Release */ = {
			isa = XCBuildConfiguration;
			baseConfigurationReference = 64AAA940E3536886A6CAF388 /* Pods-AIApp.release.xcconfig */;
			buildSettings = {
				ASSETCATALOG_COMPILER_APPICON_NAME = AppIcon;
				ASSETCATALOG_COMPILER_GLOBAL_ACCENT_COLOR_NAME = AccentColor;
				CODE_SIGN_STYLE = Automatic;
				CURRENT_PROJECT_VERSION = 2;
				DEVELOPMENT_TEAM = N422RJM586;
				GENERATE_INFOPLIST_FILE = YES;
				INFOPLIST_FILE = "AIApp/Supporting files/Info.plist";
				INFOPLIST_KEY_UIApplicationSupportsIndirectInputEvents = YES;
				INFOPLIST_KEY_UILaunchStoryboardName = LaunchScreen;
				INFOPLIST_KEY_UIRequiresFullScreen = NO;
				INFOPLIST_KEY_UIStatusBarStyle = UIStatusBarStyleLightContent;
				INFOPLIST_KEY_UISupportedInterfaceOrientations = UIInterfaceOrientationPortrait;
				INFOPLIST_KEY_UISupportedInterfaceOrientations_iPad = "UIInterfaceOrientationPortrait UIInterfaceOrientationPortraitUpsideDown";
				IPHONEOS_DEPLOYMENT_TARGET = 15.0;
				LD_RUNPATH_SEARCH_PATHS = (
					"$(inherited)",
					"@executable_path/Frameworks",
				);
				MARKETING_VERSION = 0.0.1;
				PRODUCT_BUNDLE_IDENTIFIER = org.xaker.AIApp;
				PRODUCT_NAME = "$(TARGET_NAME)";
				SUPPORTED_PLATFORMS = "iphoneos iphonesimulator";
				SUPPORTS_MACCATALYST = NO;
				SUPPORTS_MAC_DESIGNED_FOR_IPHONE_IPAD = NO;
				SWIFT_EMIT_LOC_STRINGS = YES;
				SWIFT_VERSION = 5.0;
				TARGETED_DEVICE_FAMILY = 1;
			};
			name = Release;
		};
/* End XCBuildConfiguration section */

/* Begin XCConfigurationList section */
		2CB8A68B295D8AA7009A954E /* Build configuration list for PBXProject "AIApp" */ = {
			isa = XCConfigurationList;
			buildConfigurations = (
				2CB8A6A2295D8AA7009A954E /* Debug */,
				2CB8A6A3295D8AA7009A954E /* Release */,
			);
			defaultConfigurationIsVisible = 0;
			defaultConfigurationName = Release;
		};
		2CB8A6A4295D8AA7009A954E /* Build configuration list for PBXNativeTarget "AIApp" */ = {
			isa = XCConfigurationList;
			buildConfigurations = (
				2CB8A6A5295D8AA7009A954E /* Debug */,
				2CB8A6A6295D8AA7009A954E /* Release */,
			);
			defaultConfigurationIsVisible = 0;
			defaultConfigurationName = Release;
		};
/* End XCConfigurationList section */
	};
	rootObject = 2CB8A688295D8AA7009A954E /* Project object */;
}
